// !$*UTF8*$!
{
	archiveVersion = 1;
	classes = {
	};
	objectVersion = 77;
	objects = {

/* Begin PBXContainerItemProxy section */
		AC5B5EA42CE78BFC003AD3AD /* PBXContainerItemProxy */ = {
			isa = PBXContainerItemProxy;
			containerPortal = AC5B5E8B2CE78BFA003AD3AD /* Project object */;
			proxyType = 1;
			remoteGlobalIDString = AC5B5E922CE78BFA003AD3AD;
			remoteInfo = "Barcode-Copier2";
		};
		AC5B5EAE2CE78BFC003AD3AD /* PBXContainerItemProxy */ = {
			isa = PBXContainerItemProxy;
			containerPortal = AC5B5E8B2CE78BFA003AD3AD /* Project object */;
			proxyType = 1;
			remoteGlobalIDString = AC5B5E922CE78BFA003AD3AD;
			remoteInfo = "Barcode-Copier2";
		};
/* End PBXContainerItemProxy section */

/* Begin PBXFileReference section */
		AC5B5E932CE78BFA003AD3AD /* Barcode-Copier2.app */ = {isa = PBXFileReference; explicitFileType = wrapper.application; includeInIndex = 0; path = "Barcode-Copier2.app"; sourceTree = BUILT_PRODUCTS_DIR; };
		AC5B5EA32CE78BFC003AD3AD /* Barcode-Copier2Tests.xctest */ = {isa = PBXFileReference; explicitFileType = wrapper.cfbundle; includeInIndex = 0; path = "Barcode-Copier2Tests.xctest"; sourceTree = BUILT_PRODUCTS_DIR; };
		AC5B5EAD2CE78BFC003AD3AD /* Barcode-Copier2UITests.xctest */ = {isa = PBXFileReference; explicitFileType = wrapper.cfbundle; includeInIndex = 0; path = "Barcode-Copier2UITests.xctest"; sourceTree = BUILT_PRODUCTS_DIR; };
/* End PBXFileReference section */

/* Begin PBXFileSystemSynchronizedRootGroup section */
		AC5B5E952CE78BFA003AD3AD /* Barcode-Copier2 */ = {
			isa = PBXFileSystemSynchronizedRootGroup;
			path = "Barcode-Copier2";
			sourceTree = "<group>";
		};
		AC5B5EA62CE78BFC003AD3AD /* Barcode-Copier2Tests */ = {
			isa = PBXFileSystemSynchronizedRootGroup;
			path = "Barcode-Copier2Tests";
			sourceTree = "<group>";
		};
		AC5B5EB02CE78BFC003AD3AD /* Barcode-Copier2UITests */ = {
			isa = PBXFileSystemSynchronizedRootGroup;
			path = "Barcode-Copier2UITests";
			sourceTree = "<group>";
		};
/* End PBXFileSystemSynchronizedRootGroup section */

/* Begin PBXFrameworksBuildPhase section */
		AC5B5E902CE78BFA003AD3AD /* Frameworks */ = {
			isa = PBXFrameworksBuildPhase;
			buildActionMask = 2147483647;
			files = (
			);
			runOnlyForDeploymentPostprocessing = 0;
		};
		AC5B5EA02CE78BFC003AD3AD /* Frameworks */ = {
			isa = PBXFrameworksBuildPhase;
			buildActionMask = 2147483647;
			files = (
			);
			runOnlyForDeploymentPostprocessing = 0;
		};
		AC5B5EAA2CE78BFC003AD3AD /* Frameworks */ = {
			isa = PBXFrameworksBuildPhase;
			buildActionMask = 2147483647;
			files = (
			);
			runOnlyForDeploymentPostprocessing = 0;
		};
/* End PBXFrameworksBuildPhase section */

/* Begin PBXGroup section */
		AC5B5E8A2CE78BFA003AD3AD = {
			isa = PBXGroup;
			children = (
				AC5B5E952CE78BFA003AD3AD /* Barcode-Copier2 */,
				AC5B5EA62CE78BFC003AD3AD /* Barcode-Copier2Tests */,
				AC5B5EB02CE78BFC003AD3AD /* Barcode-Copier2UITests */,
				AC5B5E942CE78BFA003AD3AD /* Products */,
			);
			sourceTree = "<group>";
		};
		AC5B5E942CE78BFA003AD3AD /* Products */ = {
			isa = PBXGroup;
			children = (
				AC5B5E932CE78BFA003AD3AD /* Barcode-Copier2.app */,
				AC5B5EA32CE78BFC003AD3AD /* Barcode-Copier2Tests.xctest */,
				AC5B5EAD2CE78BFC003AD3AD /* Barcode-Copier2UITests.xctest */,
			);
			name = Products;
			sourceTree = "<group>";
		};
/* End PBXGroup section */

/* Begin PBXNativeTarget section */
		AC5B5E922CE78BFA003AD3AD /* Barcode-Copier2 */ = {
			isa = PBXNativeTarget;
			buildConfigurationList = AC5B5EB72CE78BFC003AD3AD /* Build configuration list for PBXNativeTarget "Barcode-Copier2" */;
			buildPhases = (
				AC5B5E8F2CE78BFA003AD3AD /* Sources */,
				AC5B5E902CE78BFA003AD3AD /* Frameworks */,
				AC5B5E912CE78BFA003AD3AD /* Resources */,
			);
			buildRules = (
			);
			dependencies = (
			);
			fileSystemSynchronizedGroups = (
				AC5B5E952CE78BFA003AD3AD /* Barcode-Copier2 */,
			);
			name = "Barcode-Copier2";
			packageProductDependencies = (
			);
			productName = "Barcode-Copier2";
			productReference = AC5B5E932CE78BFA003AD3AD /* Barcode-Copier2.app */;
			productType = "com.apple.product-type.application";
		};
		AC5B5EA22CE78BFC003AD3AD /* Barcode-Copier2Tests */ = {
			isa = PBXNativeTarget;
			buildConfigurationList = AC5B5EBA2CE78BFC003AD3AD /* Build configuration list for PBXNativeTarget "Barcode-Copier2Tests" */;
			buildPhases = (
				AC5B5E9F2CE78BFC003AD3AD /* Sources */,
				AC5B5EA02CE78BFC003AD3AD /* Frameworks */,
				AC5B5EA12CE78BFC003AD3AD /* Resources */,
			);
			buildRules = (
			);
			dependencies = (
				AC5B5EA52CE78BFC003AD3AD /* PBXTargetDependency */,
			);
			fileSystemSynchronizedGroups = (
				AC5B5EA62CE78BFC003AD3AD /* Barcode-Copier2Tests */,
			);
			name = "Barcode-Copier2Tests";
			packageProductDependencies = (
			);
			productName = "Barcode-Copier2Tests";
			productReference = AC5B5EA32CE78BFC003AD3AD /* Barcode-Copier2Tests.xctest */;
			productType = "com.apple.product-type.bundle.unit-test";
		};
		AC5B5EAC2CE78BFC003AD3AD /* Barcode-Copier2UITests */ = {
			isa = PBXNativeTarget;
			buildConfigurationList = AC5B5EBD2CE78BFC003AD3AD /* Build configuration list for PBXNativeTarget "Barcode-Copier2UITests" */;
			buildPhases = (
				AC5B5EA92CE78BFC003AD3AD /* Sources */,
				AC5B5EAA2CE78BFC003AD3AD /* Frameworks */,
				AC5B5EAB2CE78BFC003AD3AD /* Resources */,
			);
			buildRules = (
			);
			dependencies = (
				AC5B5EAF2CE78BFC003AD3AD /* PBXTargetDependency */,
			);
			fileSystemSynchronizedGroups = (
				AC5B5EB02CE78BFC003AD3AD /* Barcode-Copier2UITests */,
			);
			name = "Barcode-Copier2UITests";
			packageProductDependencies = (
			);
			productName = "Barcode-Copier2UITests";
			productReference = AC5B5EAD2CE78BFC003AD3AD /* Barcode-Copier2UITests.xctest */;
			productType = "com.apple.product-type.bundle.ui-testing";
		};
/* End PBXNativeTarget section */

/* Begin PBXProject section */
		AC5B5E8B2CE78BFA003AD3AD /* Project object */ = {
			isa = PBXProject;
			attributes = {
				BuildIndependentTargetsInParallel = 1;
				LastSwiftUpdateCheck = 1610;
				LastUpgradeCheck = 1610;
				TargetAttributes = {
					AC5B5E922CE78BFA003AD3AD = {
						CreatedOnToolsVersion = 16.1;
					};
					AC5B5EA22CE78BFC003AD3AD = {
						CreatedOnToolsVersion = 16.1;
						TestTargetID = AC5B5E922CE78BFA003AD3AD;
					};
					AC5B5EAC2CE78BFC003AD3AD = {
						CreatedOnToolsVersion = 16.1;
						TestTargetID = AC5B5E922CE78BFA003AD3AD;
					};
				};
			};
			buildConfigurationList = AC5B5E8E2CE78BFA003AD3AD /* Build configuration list for PBXProject "Barcode-Copier2" */;
			developmentRegion = en;
			hasScannedForEncodings = 0;
			knownRegions = (
				en,
				Base,
			);
			mainGroup = AC5B5E8A2CE78BFA003AD3AD;
			minimizedProjectReferenceProxies = 1;
			preferredProjectObjectVersion = 77;
			productRefGroup = AC5B5E942CE78BFA003AD3AD /* Products */;
			projectDirPath = "";
			projectRoot = "";
			targets = (
				AC5B5E922CE78BFA003AD3AD /* Barcode-Copier2 */,
				AC5B5EA22CE78BFC003AD3AD /* Barcode-Copier2Tests */,
				AC5B5EAC2CE78BFC003AD3AD /* Barcode-Copier2UITests */,
			);
		};
/* End PBXProject section */

/* Begin PBXResourcesBuildPhase section */
		AC5B5E912CE78BFA003AD3AD /* Resources */ = {
			isa = PBXResourcesBuildPhase;
			buildActionMask = 2147483647;
			files = (
			);
			runOnlyForDeploymentPostprocessing = 0;
		};
		AC5B5EA12CE78BFC003AD3AD /* Resources */ = {
			isa = PBXResourcesBuildPhase;
			buildActionMask = 2147483647;
			files = (
			);
			runOnlyForDeploymentPostprocessing = 0;
		};
		AC5B5EAB2CE78BFC003AD3AD /* Resources */ = {
			isa = PBXResourcesBuildPhase;
			buildActionMask = 2147483647;
			files = (
			);
			runOnlyForDeploymentPostprocessing = 0;
		};
/* End PBXResourcesBuildPhase section */

/* Begin PBXSourcesBuildPhase section */
		AC5B5E8F2CE78BFA003AD3AD /* Sources */ = {
			isa = PBXSourcesBuildPhase;
			buildActionMask = 2147483647;
			files = (
			);
			runOnlyForDeploymentPostprocessing = 0;
		};
		AC5B5E9F2CE78BFC003AD3AD /* Sources */ = {
			isa = PBXSourcesBuildPhase;
			buildActionMask = 2147483647;
			files = (
			);
			runOnlyForDeploymentPostprocessing = 0;
		};
		AC5B5EA92CE78BFC003AD3AD /* Sources */ = {
			isa = PBXSourcesBuildPhase;
			buildActionMask = 2147483647;
			files = (
			);
			runOnlyForDeploymentPostprocessing = 0;
		};
/* End PBXSourcesBuildPhase section */

/* Begin PBXTargetDependency section */
		AC5B5EA52CE78BFC003AD3AD /* PBXTargetDependency */ = {
			isa = PBXTargetDependency;
			target = AC5B5E922CE78BFA003AD3AD /* Barcode-Copier2 */;
			targetProxy = AC5B5EA42CE78BFC003AD3AD /* PBXContainerItemProxy */;
		};
		AC5B5EAF2CE78BFC003AD3AD /* PBXTargetDependency */ = {
			isa = PBXTargetDependency;
			target = AC5B5E922CE78BFA003AD3AD /* Barcode-Copier2 */;
			targetProxy = AC5B5EAE2CE78BFC003AD3AD /* PBXContainerItemProxy */;
		};
/* End PBXTargetDependency section */

/* Begin XCBuildConfiguration section */
		AC5B5EB52CE78BFC003AD3AD /* Debug */ = {
			isa = XCBuildConfiguration;
			buildSettings = {
				ALWAYS_SEARCH_USER_PATHS = NO;
				ASSETCATALOG_COMPILER_GENERATE_SWIFT_ASSET_SYMBOL_EXTENSIONS = YES;
				CLANG_ANALYZER_NONNULL = YES;
				CLANG_ANALYZER_NUMBER_OBJECT_CONVERSION = YES_AGGRESSIVE;
				CLANG_CXX_LANGUAGE_STANDARD = "gnu++20";
				CLANG_ENABLE_MODULES = YES;
				CLANG_ENABLE_OBJC_ARC = YES;
				CLANG_ENABLE_OBJC_WEAK = YES;
				CLANG_WARN_BLOCK_CAPTURE_AUTORELEASING = YES;
				CLANG_WARN_BOOL_CONVERSION = YES;
				CLANG_WARN_COMMA = YES;
				CLANG_WARN_CONSTANT_CONVERSION = YES;
				CLANG_WARN_DEPRECATED_OBJC_IMPLEMENTATIONS = YES;
				CLANG_WARN_DIRECT_OBJC_ISA_USAGE = YES_ERROR;
				CLANG_WARN_DOCUMENTATION_COMMENTS = YES;
				CLANG_WARN_EMPTY_BODY = YES;
				CLANG_WARN_ENUM_CONVERSION = YES;
				CLANG_WARN_INFINITE_RECURSION = YES;
				CLANG_WARN_INT_CONVERSION = YES;
				CLANG_WARN_NON_LITERAL_NULL_CONVERSION = YES;
				CLANG_WARN_OBJC_IMPLICIT_RETAIN_SELF = YES;
				CLANG_WARN_OBJC_LITERAL_CONVERSION = YES;
				CLANG_WARN_OBJC_ROOT_CLASS = YES_ERROR;
				CLANG_WARN_QUOTED_INCLUDE_IN_FRAMEWORK_HEADER = YES;
				CLANG_WARN_RANGE_LOOP_ANALYSIS = YES;
				CLANG_WARN_STRICT_PROTOTYPES = YES;
				CLANG_WARN_SUSPICIOUS_MOVE = YES;
				CLANG_WARN_UNGUARDED_AVAILABILITY = YES_AGGRESSIVE;
				CLANG_WARN_UNREACHABLE_CODE = YES;
				CLANG_WARN__DUPLICATE_METHOD_MATCH = YES;
				COPY_PHASE_STRIP = NO;
				DEBUG_INFORMATION_FORMAT = dwarf;
				ENABLE_STRICT_OBJC_MSGSEND = YES;
				ENABLE_TESTABILITY = YES;
				ENABLE_USER_SCRIPT_SANDBOXING = YES;
				GCC_C_LANGUAGE_STANDARD = gnu17;
				GCC_DYNAMIC_NO_PIC = NO;
				GCC_NO_COMMON_BLOCKS = YES;
				GCC_OPTIMIZATION_LEVEL = 0;
				GCC_PREPROCESSOR_DEFINITIONS = (
					"DEBUG=1",
					"$(inherited)",
				);
				GCC_WARN_64_TO_32_BIT_CONVERSION = YES;
				GCC_WARN_ABOUT_RETURN_TYPE = YES_ERROR;
				GCC_WARN_UNDECLARED_SELECTOR = YES;
				GCC_WARN_UNINITIALIZED_AUTOS = YES_AGGRESSIVE;
				GCC_WARN_UNUSED_FUNCTION = YES;
				GCC_WARN_UNUSED_VARIABLE = YES;
				IPHONEOS_DEPLOYMENT_TARGET = 18.1;
				LOCALIZATION_PREFERS_STRING_CATALOGS = YES;
				MTL_ENABLE_DEBUG_INFO = INCLUDE_SOURCE;
				MTL_FAST_MATH = YES;
				ONLY_ACTIVE_ARCH = YES;
				SDKROOT = iphoneos;
				SWIFT_ACTIVE_COMPILATION_CONDITIONS = "DEBUG $(inherited)";
				SWIFT_OPTIMIZATION_LEVEL = "-Onone";
			};
			name = Debug;
		};
		AC5B5EB62CE78BFC003AD3AD /* Release */ = {
			isa = XCBuildConfiguration;
			buildSettings = {
				ALWAYS_SEARCH_USER_PATHS = NO;
				ASSETCATALOG_COMPILER_GENERATE_SWIFT_ASSET_SYMBOL_EXTENSIONS = YES;
				CLANG_ANALYZER_NONNULL = YES;
				CLANG_ANALYZER_NUMBER_OBJECT_CONVERSION = YES_AGGRESSIVE;
				CLANG_CXX_LANGUAGE_STANDARD = "gnu++20";
				CLANG_ENABLE_MODULES = YES;
				CLANG_ENABLE_OBJC_ARC = YES;
				CLANG_ENABLE_OBJC_WEAK = YES;
				CLANG_WARN_BLOCK_CAPTURE_AUTORELEASING = YES;
				CLANG_WARN_BOOL_CONVERSION = YES;
				CLANG_WARN_COMMA = YES;
				CLANG_WARN_CONSTANT_CONVERSION = YES;
				CLANG_WARN_DEPRECATED_OBJC_IMPLEMENTATIONS = YES;
				CLANG_WARN_DIRECT_OBJC_ISA_USAGE = YES_ERROR;
				CLANG_WARN_DOCUMENTATION_COMMENTS = YES;
				CLANG_WARN_EMPTY_BODY = YES;
				CLANG_WARN_ENUM_CONVERSION = YES;
				CLANG_WARN_INFINITE_RECURSION = YES;
				CLANG_WARN_INT_CONVERSION = YES;
				CLANG_WARN_NON_LITERAL_NULL_CONVERSION = YES;
				CLANG_WARN_OBJC_IMPLICIT_RETAIN_SELF = YES;
				CLANG_WARN_OBJC_LITERAL_CONVERSION = YES;
				CLANG_WARN_OBJC_ROOT_CLASS = YES_ERROR;
				CLANG_WARN_QUOTED_INCLUDE_IN_FRAMEWORK_HEADER = YES;
				CLANG_WARN_RANGE_LOOP_ANALYSIS = YES;
				CLANG_WARN_STRICT_PROTOTYPES = YES;
				CLANG_WARN_SUSPICIOUS_MOVE = YES;
				CLANG_WARN_UNGUARDED_AVAILABILITY = YES_AGGRESSIVE;
				CLANG_WARN_UNREACHABLE_CODE = YES;
				CLANG_WARN__DUPLICATE_METHOD_MATCH = YES;
				COPY_PHASE_STRIP = NO;
				DEBUG_INFORMATION_FORMAT = "dwarf-with-dsym";
				ENABLE_NS_ASSERTIONS = NO;
				ENABLE_STRICT_OBJC_MSGSEND = YES;
				ENABLE_USER_SCRIPT_SANDBOXING = YES;
				GCC_C_LANGUAGE_STANDARD = gnu17;
				GCC_NO_COMMON_BLOCKS = YES;
				GCC_WARN_64_TO_32_BIT_CONVERSION = YES;
				GCC_WARN_ABOUT_RETURN_TYPE = YES_ERROR;
				GCC_WARN_UNDECLARED_SELECTOR = YES;
				GCC_WARN_UNINITIALIZED_AUTOS = YES_AGGRESSIVE;
				GCC_WARN_UNUSED_FUNCTION = YES;
				GCC_WARN_UNUSED_VARIABLE = YES;
				IPHONEOS_DEPLOYMENT_TARGET = 18.1;
				LOCALIZATION_PREFERS_STRING_CATALOGS = YES;
				MTL_ENABLE_DEBUG_INFO = NO;
				MTL_FAST_MATH = YES;
				SDKROOT = iphoneos;
				SWIFT_COMPILATION_MODE = wholemodule;
				VALIDATE_PRODUCT = YES;
			};
			name = Release;
		};
		AC5B5EB82CE78BFC003AD3AD /* Debug */ = {
			isa = XCBuildConfiguration;
			buildSettings = {
				ASSETCATALOG_COMPILER_APPICON_NAME = AppIcon;
				ASSETCATALOG_COMPILER_GLOBAL_ACCENT_COLOR_NAME = AccentColor;
				CODE_SIGN_STYLE = Automatic;
				CURRENT_PROJECT_VERSION = 1;
				DEVELOPMENT_ASSET_PATHS = "\"Barcode-Copier2/Preview Content\"";
				DEVELOPMENT_TEAM = 6JZQU9Z4BH;
				ENABLE_PREVIEWS = YES;
				GENERATE_INFOPLIST_FILE = YES;
				INFOPLIST_KEY_UIApplicationSceneManifest_Generation = YES;
				INFOPLIST_KEY_UIApplicationSupportsIndirectInputEvents = YES;
				INFOPLIST_KEY_UILaunchScreen_Generation = YES;
				INFOPLIST_KEY_UISupportedInterfaceOrientations_iPad = "UIInterfaceOrientationPortrait UIInterfaceOrientationPortraitUpsideDown UIInterfaceOrientationLandscapeLeft UIInterfaceOrientationLandscapeRight";
				INFOPLIST_KEY_UISupportedInterfaceOrientations_iPhone = "UIInterfaceOrientationPortrait UIInterfaceOrientationLandscapeLeft UIInterfaceOrientationLandscapeRight";
				LD_RUNPATH_SEARCH_PATHS = (
					"$(inherited)",
					"@executable_path/Frameworks",
				);
				MARKETING_VERSION = 1.0;
				PRODUCT_BUNDLE_IDENTIFIER = "asrinfo.pro.Barcode-Copier2";
				PRODUCT_NAME = "$(TARGET_NAME)";
				SWIFT_EMIT_LOC_STRINGS = YES;
				SWIFT_VERSION = 5.0;
				TARGETED_DEVICE_FAMILY = "1,2";
			};
			name = Debug;
		};
		AC5B5EB92CE78BFC003AD3AD /* Release */ = {
			isa = XCBuildConfiguration;
			buildSettings = {
				ASSETCATALOG_COMPILER_APPICON_NAME = AppIcon;
				ASSETCATALOG_COMPILER_GLOBAL_ACCENT_COLOR_NAME = AccentColor;
				CODE_SIGN_STYLE = Automatic;
				CURRENT_PROJECT_VERSION = 1;
				DEVELOPMENT_ASSET_PATHS = "\"Barcode-Copier2/Preview Content\"";
				DEVELOPMENT_TEAM = 6JZQU9Z4BH;
				ENABLE_PREVIEWS = YES;
				GENERATE_INFOPLIST_FILE = YES;
				INFOPLIST_KEY_UIApplicationSceneManifest_Generation = YES;
				INFOPLIST_KEY_UIApplicationSupportsIndirectInputEvents = YES;
				INFOPLIST_KEY_UILaunchScreen_Generation = YES;
				INFOPLIST_KEY_UISupportedInterfaceOrientations_iPad = "UIInterfaceOrientationPortrait UIInterfaceOrientationPortraitUpsideDown UIInterfaceOrientationLandscapeLeft UIInterfaceOrientationLandscapeRight";
				INFOPLIST_KEY_UISupportedInterfaceOrientations_iPhone = "UIInterfaceOrientationPortrait UIInterfaceOrientationLandscapeLeft UIInterfaceOrientationLandscapeRight";
				LD_RUNPATH_SEARCH_PATHS = (
					"$(inherited)",
					"@executable_path/Frameworks",
				);
				MARKETING_VERSION = 1.0;
				PRODUCT_BUNDLE_IDENTIFIER = "asrinfo.pro.Barcode-Copier2";
				PRODUCT_NAME = "$(TARGET_NAME)";
				SWIFT_EMIT_LOC_STRINGS = YES;
				SWIFT_VERSION = 5.0;
				TARGETED_DEVICE_FAMILY = "1,2";
			};
			name = Release;
		};
		AC5B5EBB2CE78BFC003AD3AD /* Debug */ = {
			isa = XCBuildConfiguration;
			buildSettings = {
				BUNDLE_LOADER = "$(TEST_HOST)";
				CODE_SIGN_STYLE = Automatic;
				CURRENT_PROJECT_VERSION = 1;
				DEVELOPMENT_TEAM = 6JZQU9Z4BH;
				GENERATE_INFOPLIST_FILE = YES;
				IPHONEOS_DEPLOYMENT_TARGET = 18.1;
				MARKETING_VERSION = 1.0;
				PRODUCT_BUNDLE_IDENTIFIER = "asrinfo.pro.Barcode-Copier2Tests";
				PRODUCT_NAME = "$(TARGET_NAME)";
				SWIFT_EMIT_LOC_STRINGS = NO;
				SWIFT_VERSION = 5.0;
				TARGETED_DEVICE_FAMILY = "1,2";
				TEST_HOST = "$(BUILT_PRODUCTS_DIR)/Barcode-Copier2.app/$(BUNDLE_EXECUTABLE_FOLDER_PATH)/Barcode-Copier2";
			};
			name = Debug;
		};
		AC5B5EBC2CE78BFC003AD3AD /* Release */ = {
			isa = XCBuildConfiguration;
			buildSettings = {
				BUNDLE_LOADER = "$(TEST_HOST)";
				CODE_SIGN_STYLE = Automatic;
				CURRENT_PROJECT_VERSION = 1;
				DEVELOPMENT_TEAM = 6JZQU9Z4BH;
				GENERATE_INFOPLIST_FILE = YES;
				IPHONEOS_DEPLOYMENT_TARGET = 18.1;
				MARKETING_VERSION = 1.0;
				PRODUCT_BUNDLE_IDENTIFIER = "asrinfo.pro.Barcode-Copier2Tests";
				PRODUCT_NAME = "$(TARGET_NAME)";
				SWIFT_EMIT_LOC_STRINGS = NO;
				SWIFT_VERSION = 5.0;
				TARGETED_DEVICE_FAMILY = "1,2";
				TEST_HOST = "$(BUILT_PRODUCTS_DIR)/Barcode-Copier2.app/$(BUNDLE_EXECUTABLE_FOLDER_PATH)/Barcode-Copier2";
			};
			name = Release;
		};
		AC5B5EBE2CE78BFC003AD3AD /* Debug */ = {
			isa = XCBuildConfiguration;
			buildSettings = {
				CODE_SIGN_STYLE = Automatic;
				CURRENT_PROJECT_VERSION = 1;
				DEVELOPMENT_TEAM = 6JZQU9Z4BH;
				GENERATE_INFOPLIST_FILE = YES;
				MARKETING_VERSION = 1.0;
				PRODUCT_BUNDLE_IDENTIFIER = "asrinfo.pro.Barcode-Copier2UITests";
				PRODUCT_NAME = "$(TARGET_NAME)";
				SWIFT_EMIT_LOC_STRINGS = NO;
				SWIFT_VERSION = 5.0;
				TARGETED_DEVICE_FAMILY = "1,2";
				TEST_TARGET_NAME = "Barcode-Copier2";
			};
			name = Debug;
		};
		AC5B5EBF2CE78BFC003AD3AD /* Release */ = {
			isa = XCBuildConfiguration;
			buildSettings = {
				CODE_SIGN_STYLE = Automatic;
				CURRENT_PROJECT_VERSION = 1;
				DEVELOPMENT_TEAM = 6JZQU9Z4BH;
				GENERATE_INFOPLIST_FILE = YES;
				MARKETING_VERSION = 1.0;
				PRODUCT_BUNDLE_IDENTIFIER = "asrinfo.pro.Barcode-Copier2UITests";
				PRODUCT_NAME = "$(TARGET_NAME)";
				SWIFT_EMIT_LOC_STRINGS = NO;
				SWIFT_VERSION = 5.0;
				TARGETED_DEVICE_FAMILY = "1,2";
				TEST_TARGET_NAME = "Barcode-Copier2";
			};
			name = Release;
		};
/* End XCBuildConfiguration section */

/* Begin XCConfigurationList section */
		AC5B5E8E2CE78BFA003AD3AD /* Build configuration list for PBXProject "Barcode-Copier2" */ = {
			isa = XCConfigurationList;
			buildConfigurations = (
				AC5B5EB52CE78BFC003AD3AD /* Debug */,
				AC5B5EB62CE78BFC003AD3AD /* Release */,
			);
			defaultConfigurationIsVisible = 0;
			defaultConfigurationName = Release;
		};
		AC5B5EB72CE78BFC003AD3AD /* Build configuration list for PBXNativeTarget "Barcode-Copier2" */ = {
			isa = XCConfigurationList;
			buildConfigurations = (
				AC5B5EB82CE78BFC003AD3AD /* Debug */,
				AC5B5EB92CE78BFC003AD3AD /* Release */,
			);
			defaultConfigurationIsVisible = 0;
			defaultConfigurationName = Release;
		};
		AC5B5EBA2CE78BFC003AD3AD /* Build configuration list for PBXNativeTarget "Barcode-Copier2Tests" */ = {
			isa = XCConfigurationList;
			buildConfigurations = (
				AC5B5EBB2CE78BFC003AD3AD /* Debug */,
				AC5B5EBC2CE78BFC003AD3AD /* Release */,
			);
			defaultConfigurationIsVisible = 0;
			defaultConfigurationName = Release;
		};
		AC5B5EBD2CE78BFC003AD3AD /* Build configuration list for PBXNativeTarget "Barcode-Copier2UITests" */ = {
			isa = XCConfigurationList;
			buildConfigurations = (
				AC5B5EBE2CE78BFC003AD3AD /* Debug */,
				AC5B5EBF2CE78BFC003AD3AD /* Release */,
			);
			defaultConfigurationIsVisible = 0;
			defaultConfigurationName = Release;
		};
/* End XCConfigurationList section */
	};
	rootObject = AC5B5E8B2CE78BFA003AD3AD /* Project object */;
}
